
Microsoft Visual Studio Solution File, Format Version 11.00
# Visual Studio 2010
Project("{FAE04EC0-301F-11D3-BF4B-00C04F79EFBC}") = "XMLProperties", "XMLProperties\XMLProperties.csproj", "{D1ABF00C-CF14-4245-A8C9-2757A6E225A7}"
EndProject
Project("{FAE04EC0-301F-11D3-BF4B-00C04F79EFBC}") = "BasicChessClasses", "BasicChessClasses\BasicChessClasses.csproj", "{E4485A2E-85DF-4528-9E14-4CB306812C34}"
EndProject
Project("{FAE04EC0-301F-11D3-BF4B-00C04F79EFBC}") = "DebutMovesHolder", "DebutMovesHolder\DebutMovesHolder.csproj", "{798AAC57-A4F3-4084-A8F8-8B5C6C3DD8A1}"
EndProject
Project("{FAE04EC0-301F-11D3-BF4B-00C04F79EFBC}") = "ChessBoardTest", "ChessBoardTest\ChessBoardTest.csproj", "{A47F3296-872F-4393-AD51-93C23F0F1266}"
EndProject
Project("{FAE04EC0-301F-11D3-BF4B-00C04F79EFBC}") = "Queem.AI", "QueemAI\Queem.AI.csproj", "{41156AC3-E6DE-45E9-8E07-6B771E9FF43F}"
EndProject
Project("{FAE04EC0-301F-11D3-BF4B-00C04F79EFBC}") = "Queem.Tests", "QueemTests\Queem.Tests.csproj", "{CF3F4C2C-524D-451E-B194-345CD30886FA}"
EndProject
Project("{FAE04EC0-301F-11D3-BF4B-00C04F79EFBC}") = "QueemSpeedBenchmark", "QueemSpeedBenchmark\QueemSpeedBenchmark.csproj", "{2E28A8AF-2E9B-4CE4-BA45-95AC6AEE633A}"
EndProject
Project("{FAE04EC0-301F-11D3-BF4B-00C04F79EFBC}") = "BenchmarksGenerator", "BenchmarksGenerator\BenchmarksGenerator.csproj", "{BCDBE3D9-200A-452B-95EA-FBA9EA1CF908}"
EndProject
Project("{FAE04EC0-301F-11D3-BF4B-00C04F79EFBC}") = "BenchmarkManager", "BenchmarkManager\BenchmarkManager.csproj", "{FD8CF255-56C2-4E9E-AFE4-5557C0B59E98}"
EndProject
Project("{FAE04EC0-301F-11D3-BF4B-00C04F79EFBC}") = "Queem.Core", "QueemCore\Queem.Core.csproj", "{5E1A8EB0-4749-426D-95A6-50A72CABF9D3}"
EndProject
Project("{FAE04EC0-301F-11D3-BF4B-00C04F79EFBC}") = "BitBoardTests", "BitBoardTests\BitBoardTests.csproj", "{3CB8884B-341D-4DAB-90B5-96904353FC4E}"
EndProject
Project("{FAE04EC0-301F-11D3-BF4B-00C04F79EFBC}") = "BitBoardGenerators", "BitBoardGenerators\BitBoardGenerators.csproj", "{71F04603-9D19-4169-A25E-05C91868E63B}"
EndProject
Global
	GlobalSection(SolutionConfigurationPlatforms) = preSolution
		Debug|Any CPU = Debug|Any CPU
		Debug|Mixed Platforms = Debug|Mixed Platforms
		Debug|x86 = Debug|x86
		Release|Any CPU = Release|Any CPU
		Release|Mixed Platforms = Release|Mixed Platforms
		Release|x86 = Release|x86
		Default|Any CPU = Default|Any CPU
	EndGlobalSection
	GlobalSection(ProjectConfigurationPlatforms) = postSolution
		{2E28A8AF-2E9B-4CE4-BA45-95AC6AEE633A}.Debug|Any CPU.ActiveCfg = Debug|x86
		{2E28A8AF-2E9B-4CE4-BA45-95AC6AEE633A}.Debug|Mixed Platforms.ActiveCfg = Debug|x86
		{2E28A8AF-2E9B-4CE4-BA45-95AC6AEE633A}.Debug|Mixed Platforms.Build.0 = Debug|x86
		{2E28A8AF-2E9B-4CE4-BA45-95AC6AEE633A}.Debug|x86.ActiveCfg = Debug|x86
		{2E28A8AF-2E9B-4CE4-BA45-95AC6AEE633A}.Debug|x86.Build.0 = Debug|x86
		{2E28A8AF-2E9B-4CE4-BA45-95AC6AEE633A}.Release|Any CPU.ActiveCfg = Release|x86
		{2E28A8AF-2E9B-4CE4-BA45-95AC6AEE633A}.Release|Mixed Platforms.ActiveCfg = Release|x86
		{2E28A8AF-2E9B-4CE4-BA45-95AC6AEE633A}.Release|Mixed Platforms.Build.0 = Release|x86
		{2E28A8AF-2E9B-4CE4-BA45-95AC6AEE633A}.Release|x86.ActiveCfg = Release|x86
		{2E28A8AF-2E9B-4CE4-BA45-95AC6AEE633A}.Release|x86.Build.0 = Release|x86
		{3CB8884B-341D-4DAB-90B5-96904353FC4E}.Debug|Any CPU.ActiveCfg = Debug|Any CPU
		{3CB8884B-341D-4DAB-90B5-96904353FC4E}.Debug|Any CPU.Build.0 = Debug|Any CPU
		{3CB8884B-341D-4DAB-90B5-96904353FC4E}.Debug|Mixed Platforms.ActiveCfg = Debug|Any CPU
		{3CB8884B-341D-4DAB-90B5-96904353FC4E}.Debug|Mixed Platforms.Build.0 = Debug|Any CPU
		{3CB8884B-341D-4DAB-90B5-96904353FC4E}.Debug|x86.ActiveCfg = Debug|Any CPU
		{3CB8884B-341D-4DAB-90B5-96904353FC4E}.Debug|x86.Build.0 = Debug|Any CPU
		{3CB8884B-341D-4DAB-90B5-96904353FC4E}.Default|Any CPU.ActiveCfg = Debug|Any CPU
		{3CB8884B-341D-4DAB-90B5-96904353FC4E}.Default|Any CPU.Build.0 = Debug|Any CPU
		{3CB8884B-341D-4DAB-90B5-96904353FC4E}.Release|Any CPU.ActiveCfg = Release|Any CPU
		{3CB8884B-341D-4DAB-90B5-96904353FC4E}.Release|Any CPU.Build.0 = Release|Any CPU
		{3CB8884B-341D-4DAB-90B5-96904353FC4E}.Release|Mixed Platforms.ActiveCfg = Release|Any CPU
		{3CB8884B-341D-4DAB-90B5-96904353FC4E}.Release|Mixed Platforms.Build.0 = Release|Any CPU
		{3CB8884B-341D-4DAB-90B5-96904353FC4E}.Release|x86.ActiveCfg = Release|Any CPU
		{3CB8884B-341D-4DAB-90B5-96904353FC4E}.Release|x86.Build.0 = Release|Any CPU
		{41156AC3-E6DE-45E9-8E07-6B771E9FF43F}.Debug|Any CPU.ActiveCfg = Debug|Any CPU
		{41156AC3-E6DE-45E9-8E07-6B771E9FF43F}.Debug|Any CPU.Build.0 = Debug|Any CPU
		{41156AC3-E6DE-45E9-8E07-6B771E9FF43F}.Debug|Mixed Platforms.ActiveCfg = Debug|Any CPU
		{41156AC3-E6DE-45E9-8E07-6B771E9FF43F}.Debug|Mixed Platforms.Build.0 = Debug|Any CPU
		{41156AC3-E6DE-45E9-8E07-6B771E9FF43F}.Debug|x86.ActiveCfg = Debug|Any CPU
		{41156AC3-E6DE-45E9-8E07-6B771E9FF43F}.Release|Any CPU.ActiveCfg = Release|Any CPU
		{41156AC3-E6DE-45E9-8E07-6B771E9FF43F}.Release|Any CPU.Build.0 = Release|Any CPU
		{41156AC3-E6DE-45E9-8E07-6B771E9FF43F}.Release|Mixed Platforms.ActiveCfg = Release|Any CPU
		{41156AC3-E6DE-45E9-8E07-6B771E9FF43F}.Release|Mixed Platforms.Build.0 = Release|Any CPU
		{41156AC3-E6DE-45E9-8E07-6B771E9FF43F}.Release|x86.ActiveCfg = Release|Any CPU
		{5E1A8EB0-4749-426D-95A6-50A72CABF9D3}.Debug|Any CPU.ActiveCfg = Debug|Any CPU
		{5E1A8EB0-4749-426D-95A6-50A72CABF9D3}.Debug|Any CPU.Build.0 = Debug|Any CPU
		{5E1A8EB0-4749-426D-95A6-50A72CABF9D3}.Debug|Mixed Platforms.ActiveCfg = Debug|Any CPU
		{5E1A8EB0-4749-426D-95A6-50A72CABF9D3}.Debug|Mixed Platforms.Build.0 = Debug|Any CPU
		{5E1A8EB0-4749-426D-95A6-50A72CABF9D3}.Debug|x86.ActiveCfg = Debug|Any CPU
		{5E1A8EB0-4749-426D-95A6-50A72CABF9D3}.Debug|x86.Build.0 = Debug|Any CPU
		{5E1A8EB0-4749-426D-95A6-50A72CABF9D3}.Release|Any CPU.ActiveCfg = Release|Any CPU
		{5E1A8EB0-4749-426D-95A6-50A72CABF9D3}.Release|Any CPU.Build.0 = Release|Any CPU
		{5E1A8EB0-4749-426D-95A6-50A72CABF9D3}.Release|Mixed Platforms.ActiveCfg = Release|Any CPU
		{5E1A8EB0-4749-426D-95A6-50A72CABF9D3}.Release|Mixed Platforms.Build.0 = Release|Any CPU
		{5E1A8EB0-4749-426D-95A6-50A72CABF9D3}.Release|x86.ActiveCfg = Release|Any CPU
		{5E1A8EB0-4749-426D-95A6-50A72CABF9D3}.Release|x86.Build.0 = Release|Any CPU
		{71F04603-9D19-4169-A25E-05C91868E63B}.Debug|Any CPU.ActiveCfg = Debug|Mixed Platforms
		{71F04603-9D19-4169-A25E-05C91868E63B}.Debug|Any CPU.Build.0 = Debug|Mixed Platforms
		{71F04603-9D19-4169-A25E-05C91868E63B}.Debug|Mixed Platforms.ActiveCfg = Debug|Mixed Platforms
		{71F04603-9D19-4169-A25E-05C91868E63B}.Debug|Mixed Platforms.Build.0 = Debug|Mixed Platforms
		{71F04603-9D19-4169-A25E-05C91868E63B}.Debug|x86.ActiveCfg = Debug|Mixed Platforms
		{71F04603-9D19-4169-A25E-05C91868E63B}.Debug|x86.Build.0 = Debug|Mixed Platforms
		{71F04603-9D19-4169-A25E-05C91868E63B}.Default|Any CPU.ActiveCfg = Debug|Mixed Platforms
		{71F04603-9D19-4169-A25E-05C91868E63B}.Default|Any CPU.Build.0 = Debug|Mixed Platforms
		{71F04603-9D19-4169-A25E-05C91868E63B}.Release|Any CPU.ActiveCfg = Release|Mixed Platforms
		{71F04603-9D19-4169-A25E-05C91868E63B}.Release|Any CPU.Build.0 = Release|Mixed Platforms
		{71F04603-9D19-4169-A25E-05C91868E63B}.Release|Mixed Platforms.ActiveCfg = Release|Mixed Platforms
		{71F04603-9D19-4169-A25E-05C91868E63B}.Release|Mixed Platforms.Build.0 = Release|Mixed Platforms
		{71F04603-9D19-4169-A25E-05C91868E63B}.Release|x86.ActiveCfg = Release|Mixed Platforms
		{71F04603-9D19-4169-A25E-05C91868E63B}.Release|x86.Build.0 = Release|Mixed Platforms
		{798AAC57-A4F3-4084-A8F8-8B5C6C3DD8A1}.Debug|Any CPU.ActiveCfg = Debug|x86
		{798AAC57-A4F3-4084-A8F8-8B5C6C3DD8A1}.Debug|Mixed Platforms.ActiveCfg = Debug|x86
		{798AAC57-A4F3-4084-A8F8-8B5C6C3DD8A1}.Debug|Mixed Platforms.Build.0 = Debug|x86
		{798AAC57-A4F3-4084-A8F8-8B5C6C3DD8A1}.Debug|x86.ActiveCfg = Debug|x86
		{798AAC57-A4F3-4084-A8F8-8B5C6C3DD8A1}.Debug|x86.Build.0 = Debug|x86
		{798AAC57-A4F3-4084-A8F8-8B5C6C3DD8A1}.Release|Any CPU.ActiveCfg = Release|x86
		{798AAC57-A4F3-4084-A8F8-8B5C6C3DD8A1}.Release|Mixed Platforms.ActiveCfg = Release|x86
		{798AAC57-A4F3-4084-A8F8-8B5C6C3DD8A1}.Release|Mixed Platforms.Build.0 = Release|x86
		{798AAC57-A4F3-4084-A8F8-8B5C6C3DD8A1}.Release|x86.ActiveCfg = Release|x86
		{798AAC57-A4F3-4084-A8F8-8B5C6C3DD8A1}.Release|x86.Build.0 = Release|x86
		{A47F3296-872F-4393-AD51-93C23F0F1266}.Debug|Any CPU.ActiveCfg = Debug|x86
		{A47F3296-872F-4393-AD51-93C23F0F1266}.Debug|Mixed Platforms.ActiveCfg = Debug|x86
		{A47F3296-872F-4393-AD51-93C23F0F1266}.Debug|Mixed Platforms.Build.0 = Debug|x86
		{A47F3296-872F-4393-AD51-93C23F0F1266}.Debug|x86.ActiveCfg = Debug|x86
		{A47F3296-872F-4393-AD51-93C23F0F1266}.Debug|x86.Build.0 = Debug|x86
		{A47F3296-872F-4393-AD51-93C23F0F1266}.Release|Any CPU.ActiveCfg = Release|x86
		{A47F3296-872F-4393-AD51-93C23F0F1266}.Release|Mixed Platforms.ActiveCfg = Release|x86
		{A47F3296-872F-4393-AD51-93C23F0F1266}.Release|Mixed Platforms.Build.0 = Release|x86
		{A47F3296-872F-4393-AD51-93C23F0F1266}.Release|x86.ActiveCfg = Release|x86
		{A47F3296-872F-4393-AD51-93C23F0F1266}.Release|x86.Build.0 = Release|x86
		{BCDBE3D9-200A-452B-95EA-FBA9EA1CF908}.Debug|Any CPU.ActiveCfg = Debug|x86
		{BCDBE3D9-200A-452B-95EA-FBA9EA1CF908}.Debug|Mixed Platforms.ActiveCfg = Debug|x86
		{BCDBE3D9-200A-452B-95EA-FBA9EA1CF908}.Debug|Mixed Platforms.Build.0 = Debug|x86
		{BCDBE3D9-200A-452B-95EA-FBA9EA1CF908}.Debug|x86.ActiveCfg = Debug|x86
		{BCDBE3D9-200A-452B-95EA-FBA9EA1CF908}.Debug|x86.Build.0 = Debug|x86
		{BCDBE3D9-200A-452B-95EA-FBA9EA1CF908}.Release|Any CPU.ActiveCfg = Release|x86
		{BCDBE3D9-200A-452B-95EA-FBA9EA1CF908}.Release|Mixed Platforms.ActiveCfg = Release|x86
		{BCDBE3D9-200A-452B-95EA-FBA9EA1CF908}.Release|Mixed Platforms.Build.0 = Release|x86
		{BCDBE3D9-200A-452B-95EA-FBA9EA1CF908}.Release|x86.ActiveCfg = Release|x86
		{BCDBE3D9-200A-452B-95EA-FBA9EA1CF908}.Release|x86.Build.0 = Release|x86
		{CF3F4C2C-524D-451E-B194-345CD30886FA}.Debug|Any CPU.ActiveCfg = Debug|Any CPU
		{CF3F4C2C-524D-451E-B194-345CD30886FA}.Debug|Any CPU.Build.0 = Debug|Any CPU
		{CF3F4C2C-524D-451E-B194-345CD30886FA}.Debug|Mixed Platforms.ActiveCfg = Debug|Any CPU
		{CF3F4C2C-524D-451E-B194-345CD30886FA}.Debug|Mixed Platforms.Build.0 = Debug|Any CPU
		{CF3F4C2C-524D-451E-B194-345CD30886FA}.Debug|x86.ActiveCfg = Debug|Any CPU
		{CF3F4C2C-524D-451E-B194-345CD30886FA}.Release|Any CPU.ActiveCfg = Release|Any CPU
		{CF3F4C2C-524D-451E-B194-345CD30886FA}.Release|Any CPU.Build.0 = Release|Any CPU
		{CF3F4C2C-524D-451E-B194-345CD30886FA}.Release|Mixed Platforms.ActiveCfg = Release|Any CPU
		{CF3F4C2C-524D-451E-B194-345CD30886FA}.Release|Mixed Platforms.Build.0 = Release|Any CPU
		{CF3F4C2C-524D-451E-B194-345CD30886FA}.Release|x86.ActiveCfg = Release|Any CPU
		{D1ABF00C-CF14-4245-A8C9-2757A6E225A7}.Debug|Any CPU.ActiveCfg = Debug|x86
		{D1ABF00C-CF14-4245-A8C9-2757A6E225A7}.Debug|Mixed Platforms.ActiveCfg = Debug|x86
		{D1ABF00C-CF14-4245-A8C9-2757A6E225A7}.Debug|Mixed Platforms.Build.0 = Debug|x86
		{D1ABF00C-CF14-4245-A8C9-2757A6E225A7}.Debug|x86.ActiveCfg = Debug|x86
		{D1ABF00C-CF14-4245-A8C9-2757A6E225A7}.Debug|x86.Build.0 = Debug|x86
		{D1ABF00C-CF14-4245-A8C9-2757A6E225A7}.Release|Any CPU.ActiveCfg = Release|x86
		{D1ABF00C-CF14-4245-A8C9-2757A6E225A7}.Release|Mixed Platforms.ActiveCfg = Release|x86
		{D1ABF00C-CF14-4245-A8C9-2757A6E225A7}.Release|Mixed Platforms.Build.0 = Release|x86
		{D1ABF00C-CF14-4245-A8C9-2757A6E225A7}.Release|x86.ActiveCfg = Release|x86
		{D1ABF00C-CF14-4245-A8C9-2757A6E225A7}.Release|x86.Build.0 = Release|x86
		{E4485A2E-85DF-4528-9E14-4CB306812C34}.Debug|Any CPU.ActiveCfg = Debug|x86
		{E4485A2E-85DF-4528-9E14-4CB306812C34}.Debug|Mixed Platforms.ActiveCfg = Debug|x86
		{E4485A2E-85DF-4528-9E14-4CB306812C34}.Debug|Mixed Platforms.Build.0 = Debug|x86
		{E4485A2E-85DF-4528-9E14-4CB306812C34}.Debug|x86.ActiveCfg = Debug|x86
		{E4485A2E-85DF-4528-9E14-4CB306812C34}.Debug|x86.Build.0 = Debug|x86
		{E4485A2E-85DF-4528-9E14-4CB306812C34}.Release|Any CPU.ActiveCfg = Release|x86
		{E4485A2E-85DF-4528-9E14-4CB306812C34}.Release|Mixed Platforms.ActiveCfg = Release|x86
		{E4485A2E-85DF-4528-9E14-4CB306812C34}.Release|Mixed Platforms.Build.0 = Release|x86
		{E4485A2E-85DF-4528-9E14-4CB306812C34}.Release|x86.ActiveCfg = Release|x86
		{E4485A2E-85DF-4528-9E14-4CB306812C34}.Release|x86.Build.0 = Release|x86
		{FD8CF255-56C2-4E9E-AFE4-5557C0B59E98}.Debug|Any CPU.ActiveCfg = Debug|x86
		{FD8CF255-56C2-4E9E-AFE4-5557C0B59E98}.Debug|Mixed Platforms.ActiveCfg = Debug|x86
		{FD8CF255-56C2-4E9E-AFE4-5557C0B59E98}.Debug|Mixed Platforms.Build.0 = Debug|x86
		{FD8CF255-56C2-4E9E-AFE4-5557C0B59E98}.Debug|x86.ActiveCfg = Debug|x86
		{FD8CF255-56C2-4E9E-AFE4-5557C0B59E98}.Debug|x86.Build.0 = Debug|x86
		{FD8CF255-56C2-4E9E-AFE4-5557C0B59E98}.Release|Any CPU.ActiveCfg = Release|x86
		{FD8CF255-56C2-4E9E-AFE4-5557C0B59E98}.Release|Mixed Platforms.ActiveCfg = Release|x86
		{FD8CF255-56C2-4E9E-AFE4-5557C0B59E98}.Release|Mixed Platforms.Build.0 = Release|x86
		{FD8CF255-56C2-4E9E-AFE4-5557C0B59E98}.Release|x86.ActiveCfg = Release|x86
		{FD8CF255-56C2-4E9E-AFE4-5557C0B59E98}.Release|x86.Build.0 = Release|x86
	EndGlobalSection
	GlobalSection(MonoDevelopProperties) = preSolution
		StartupItem = BitBoardGenerators\BitBoardGenerators.csproj
	EndGlobalSection
	GlobalSection(SolutionProperties) = preSolution
		HideSolutionNode = FALSE
	EndGlobalSection
EndGlobal
